// Fuel me up.cpp : This file contains the 'main' function. Program execution begins and ends there.
//

#include <iostream>
using namespace std;

int main()
{
    cout << "Welcome to ADNOC!\nPlease choose your fuel type:\n";
    char input;
    cin >> input;
    switch (input) {
    case 'P':
        cout << "Petrol's price is AED2.44/liter\n";
        cout << "How many liters do you want?\n";
        int pp;
        cin >> pp;
        cout << "Your total price is:AED";
        cout << 2.44 * pp;
        break;
    case 'p': 
        cout << "Petrol's price is AED2.44/liter\n";
        cout << "How many liters do you want?\n";
        int ff;
        cin >> ff;
        cout << "Your total price is:AED";
        cout << 2.44 * ff;
        break;
    case 'D':
        cout << "Diesel's price is AED2.38/liter\n";
        cout << "How many liters do you want?\n";
        int dl;
        cin >> dl;
        cout << "Your total price is:AED";
        cout << 2.38 * dl;
        break;
    case 'd':
        cout << "Diesel's price is AED2.38/liter\n";
        cout << "How many liters do you want?\n";
        int dt;
        cin >> dt;
        cout << "Your total price is:AED";
        cout << 2.38 * dt;
        break;
    }
}

// Run program: Ctrl + F5 or Debug > Start Without Debugging menu
// Debug program: F5 or Debug > Start Debugging menu



